
Microsoft Visual Studio Solution File, Format Version 11.00
# Visual Studio 2010
Project("{FAE04EC0-301F-11D3-BF4B-00C04F79EFBC}") = "UnityEngine.TestRunner", "UnityEngine.TestRunner.csproj", "{0a76da90-a157-cacb-4f68-6d6b0fae117d}"
EndProject
Project("{FAE04EC0-301F-11D3-BF4B-00C04F79EFBC}") = "Unity.Timeline", "Unity.Timeline.csproj", "{31c6b8bd-bc56-e777-5101-876865c14316}"
EndProject
Project("{FAE04EC0-301F-11D3-BF4B-00C04F79EFBC}") = "UnityEngine.UI", "UnityEngine.UI.csproj", "{3e0497d0-a5a9-1bb4-a5fe-18ade03ec26e}"
EndProject
Project("{FAE04EC0-301F-11D3-BF4B-00C04F79EFBC}") = "Unity.TextMeshPro", "Unity.TextMeshPro.csproj", "{03dc874a-85ed-3a0a-da45-3279db846549}"
EndProject
Project("{FAE04EC0-301F-11D3-BF4B-00C04F79EFBC}") = "Assembly-CSharp", "Assembly-CSharp.csproj", "{cecf466f-04b5-e5a5-8c15-5dfb68c0c515}"
EndProject
Project("{FAE04EC0-301F-11D3-BF4B-00C04F79EFBC}") = "UnityEditor.TestRunner", "UnityEditor.TestRunner.csproj", "{eefa1642-b933-8e3d-8fa8-c098d1116c50}"
EndProject
Project("{FAE04EC0-301F-11D3-BF4B-00C04F79EFBC}") = "Unity.PlasticSCM.Editor", "Unity.PlasticSCM.Editor.csproj", "{9fdb0323-d467-16bc-7c0c-cb6ffdf2632f}"
EndProject
Project("{FAE04EC0-301F-11D3-BF4B-00C04F79EFBC}") = "UnityEditor.UI", "UnityEditor.UI.csproj", "{415e7599-144b-7ae9-ebc5-d9bdaf546eef}"
EndProject
Project("{FAE04EC0-301F-11D3-BF4B-00C04F79EFBC}") = "Unity.Timeline.Editor", "Unity.Timeline.Editor.csproj", "{f8267c60-e7fb-b6c4-35f4-671567c616d2}"
EndProject
Project("{FAE04EC0-301F-11D3-BF4B-00C04F79EFBC}") = "Unity.VisualStudio.Editor", "Unity.VisualStudio.Editor.csproj", "{4c4f4912-52b4-82fb-3dd2-d857c0e2fad3}"
EndProject
Project("{FAE04EC0-301F-11D3-BF4B-00C04F79EFBC}") = "Unity.TextMeshPro.Editor", "Unity.TextMeshPro.Editor.csproj", "{963a9aa7-3585-01ea-86d1-927aafd2856d}"
EndProject
Project("{FAE04EC0-301F-11D3-BF4B-00C04F79EFBC}") = "Unity.CollabProxy.Editor", "Unity.CollabProxy.Editor.csproj", "{a253394f-dfbd-bf93-5af3-7b72574db566}"
EndProject
Project("{FAE04EC0-301F-11D3-BF4B-00C04F79EFBC}") = "Unity.Rider.Editor", "Unity.Rider.Editor.csproj", "{86b803f7-2e71-b72f-40ed-782df9aa3353}"
EndProject
Project("{FAE04EC0-301F-11D3-BF4B-00C04F79EFBC}") = "Unity.VSCode.Editor", "Unity.VSCode.Editor.csproj", "{b55e4a2e-8e1e-959f-34b0-91ea1e10e454}"
EndProject
Global
	GlobalSection(SolutionConfigurationPlatforms) = preSolution
		Debug|Any CPU = Debug|Any CPU
	EndGlobalSection
	GlobalSection(ProjectConfigurationPlatforms) = postSolution
		{0a76da90-a157-cacb-4f68-6d6b0fae117d}.Debug|Any CPU.ActiveCfg = Debug|Any CPU
		{0a76da90-a157-cacb-4f68-6d6b0fae117d}.Debug|Any CPU.Build.0 = Debug|Any CPU
		{31c6b8bd-bc56-e777-5101-876865c14316}.Debug|Any CPU.ActiveCfg = Debug|Any CPU
		{31c6b8bd-bc56-e777-5101-876865c14316}.Debug|Any CPU.Build.0 = Debug|Any CPU
		{3e0497d0-a5a9-1bb4-a5fe-18ade03ec26e}.Debug|Any CPU.ActiveCfg = Debug|Any CPU
		{3e0497d0-a5a9-1bb4-a5fe-18ade03ec26e}.Debug|Any CPU.Build.0 = Debug|Any CPU
		{03dc874a-85ed-3a0a-da45-3279db846549}.Debug|Any CPU.ActiveCfg = Debug|Any CPU
		{03dc874a-85ed-3a0a-da45-3279db846549}.Debug|Any CPU.Build.0 = Debug|Any CPU
		{cecf466f-04b5-e5a5-8c15-5dfb68c0c515}.Debug|Any CPU.ActiveCfg = Debug|Any CPU
		{cecf466f-04b5-e5a5-8c15-5dfb68c0c515}.Debug|Any CPU.Build.0 = Debug|Any CPU
		{eefa1642-b933-8e3d-8fa8-c098d1116c50}.Debug|Any CPU.ActiveCfg = Debug|Any CPU
		{eefa1642-b933-8e3d-8fa8-c098d1116c50}.Debug|Any CPU.Build.0 = Debug|Any CPU
		{9fdb0323-d467-16bc-7c0c-cb6ffdf2632f}.Debug|Any CPU.ActiveCfg = Debug|Any CPU
		{9fdb0323-d467-16bc-7c0c-cb6ffdf2632f}.Debug|Any CPU.Build.0 = Debug|Any CPU
		{415e7599-144b-7ae9-ebc5-d9bdaf546eef}.Debug|Any CPU.ActiveCfg = Debug|Any CPU
		{415e7599-144b-7ae9-ebc5-d9bdaf546eef}.Debug|Any CPU.Build.0 = Debug|Any CPU
		{f8267c60-e7fb-b6c4-35f4-671567c616d2}.Debug|Any CPU.ActiveCfg = Debug|Any CPU
		{f8267c60-e7fb-b6c4-35f4-671567c616d2}.Debug|Any CPU.Build.0 = Debug|Any CPU
		{4c4f4912-52b4-82fb-3dd2-d857c0e2fad3}.Debug|Any CPU.ActiveCfg = Debug|Any CPU
		{4c4f4912-52b4-82fb-3dd2-d857c0e2fad3}.Debug|Any CPU.Build.0 = Debug|Any CPU
		{963a9aa7-3585-01ea-86d1-927aafd2856d}.Debug|Any CPU.ActiveCfg = Debug|Any CPU
		{963a9aa7-3585-01ea-86d1-927aafd2856d}.Debug|Any CPU.Build.0 = Debug|Any CPU
		{a253394f-dfbd-bf93-5af3-7b72574db566}.Debug|Any CPU.ActiveCfg = Debug|Any CPU
		{a253394f-dfbd-bf93-5af3-7b72574db566}.Debug|Any CPU.Build.0 = Debug|Any CPU
		{86b803f7-2e71-b72f-40ed-782df9aa3353}.Debug|Any CPU.ActiveCfg = Debug|Any CPU
		{86b803f7-2e71-b72f-40ed-782df9aa3353}.Debug|Any CPU.Build.0 = Debug|Any CPU
		{b55e4a2e-8e1e-959f-34b0-91ea1e10e454}.Debug|Any CPU.ActiveCfg = Debug|Any CPU
		{b55e4a2e-8e1e-959f-34b0-91ea1e10e454}.Debug|Any CPU.Build.0 = Debug|Any CPU
	EndGlobalSection
	GlobalSection(SolutionProperties) = preSolution
		HideSolutionNode = FALSE
	EndGlobalSection
EndGlobal
